// !$*UTF8*$!
{
	archiveVersion = 1;
	classes = {
	};
	objectVersion = 56;
	objects = {

/* Begin PBXBuildFile section */
		2A204ADD2A115BA500805E0A /* .gitkeep in Resources */ = {isa = PBXBuildFile; fileRef = 2A204ADC2A115BA500805E0A /* .gitkeep */; };
		2A204ADF2A115BC500805E0A /* HomeView.swift in Sources */ = {isa = PBXBuildFile; fileRef = 2A204ADE2A115BC500805E0A /* HomeView.swift */; };
		2A204AE32A115BEA00805E0A /* TransferView.swift in Sources */ = {isa = PBXBuildFile; fileRef = 2A204AE22A115BEA00805E0A /* TransferView.swift */; };
		2A204AE52A115BF700805E0A /* aaTableViewCell.swift in Sources */ = {isa = PBXBuildFile; fileRef = 2A204AE42A115BF700805E0A /* aaTableViewCell.swift */; };
		2A204AE72A115C0B00805E0A /* TransferDetailView.swift in Sources */ = {isa = PBXBuildFile; fileRef = 2A204AE62A115C0B00805E0A /* TransferDetailView.swift */; };
		2A4760F92A13EBF1005BAA9F /* DeliveryPackagingTableViewCell.swift in Sources */ = {isa = PBXBuildFile; fileRef = 2A4760F12A13EBF1005BAA9F /* DeliveryPackagingTableViewCell.swift */; };
		2A4760FA2A13EBF1005BAA9F /* TransferCollectionViewCell.swift in Sources */ = {isa = PBXBuildFile; fileRef = 2A4760F22A13EBF1005BAA9F /* TransferCollectionViewCell.swift */; };
		2A4760FB2A13EBF1005BAA9F /* ShinhanPlusTableViewCell.swift in Sources */ = {isa = PBXBuildFile; fileRef = 2A4760F32A13EBF1005BAA9F /* ShinhanPlusTableViewCell.swift */; };
		2A4760FC2A13EBF1005BAA9F /* AdvertisementTableViewCell.swift in Sources */ = {isa = PBXBuildFile; fileRef = 2A4760F42A13EBF1005BAA9F /* AdvertisementTableViewCell.swift */; };
		2A4760FD2A13EBF1005BAA9F /* FooterButtonTableViewCell.swift in Sources */ = {isa = PBXBuildFile; fileRef = 2A4760F52A13EBF1005BAA9F /* FooterButtonTableViewCell.swift */; };
		2A4760FE2A13EBF1005BAA9F /* TransferTableViewCell.swift in Sources */ = {isa = PBXBuildFile; fileRef = 2A4760F62A13EBF1005BAA9F /* TransferTableViewCell.swift */; };
		2A4760FF2A13EBF1005BAA9F /* CategoryTableViewCell.swift in Sources */ = {isa = PBXBuildFile; fileRef = 2A4760F72A13EBF1005BAA9F /* CategoryTableViewCell.swift */; };
		2A4761002A13EBF1005BAA9F /* MyAccountTableViewCell.swift in Sources */ = {isa = PBXBuildFile; fileRef = 2A4760F82A13EBF1005BAA9F /* MyAccountTableViewCell.swift */; };
		2A4761032A13EC1B005BAA9F /* UIView+.swift in Sources */ = {isa = PBXBuildFile; fileRef = 2A4761012A13EC1B005BAA9F /* UIView+.swift */; };
		2A4761042A13EC1B005BAA9F /* NSObject+.swift in Sources */ = {isa = PBXBuildFile; fileRef = 2A4761022A13EC1B005BAA9F /* NSObject+.swift */; };
		2A4761072A13F0EE005BAA9F /* Section.swift in Sources */ = {isa = PBXBuildFile; fileRef = 2A4761052A13F0EE005BAA9F /* Section.swift */; };
		2A4761082A13F0EE005BAA9F /* Item.swift in Sources */ = {isa = PBXBuildFile; fileRef = 2A4761062A13F0EE005BAA9F /* Item.swift */; };
		2AC408402A0F6686009F0D56 /* AppDelegate.swift in Sources */ = {isa = PBXBuildFile; fileRef = 2AC4083F2A0F6686009F0D56 /* AppDelegate.swift */; };
		2AC408422A0F6686009F0D56 /* SceneDelegate.swift in Sources */ = {isa = PBXBuildFile; fileRef = 2AC408412A0F6686009F0D56 /* SceneDelegate.swift */; };
		2AC408442A0F6686009F0D56 /* HomeViewController.swift in Sources */ = {isa = PBXBuildFile; fileRef = 2AC408432A0F6686009F0D56 /* HomeViewController.swift */; };
		2AC408492A0F6687009F0D56 /* Assets.xcassets in Resources */ = {isa = PBXBuildFile; fileRef = 2AC408482A0F6687009F0D56 /* Assets.xcassets */; };
		2AC4084C2A0F6687009F0D56 /* LaunchScreen.storyboard in Resources */ = {isa = PBXBuildFile; fileRef = 2AC4084A2A0F6687009F0D56 /* LaunchScreen.storyboard */; };
		2AC408572A0F6687009F0D56 /* SOLSOLTests.swift in Sources */ = {isa = PBXBuildFile; fileRef = 2AC408562A0F6687009F0D56 /* SOLSOLTests.swift */; };
		2AC408612A0F6687009F0D56 /* SOLSOLUITests.swift in Sources */ = {isa = PBXBuildFile; fileRef = 2AC408602A0F6687009F0D56 /* SOLSOLUITests.swift */; };
		2AC408632A0F6687009F0D56 /* SOLSOLUITestsLaunchTests.swift in Sources */ = {isa = PBXBuildFile; fileRef = 2AC408622A0F6687009F0D56 /* SOLSOLUITestsLaunchTests.swift */; };
		2AC408712A112B56009F0D56 /* SnapKit in Frameworks */ = {isa = PBXBuildFile; productRef = 2AC408702A112B56009F0D56 /* SnapKit */; };
		2AC408742A112B61009F0D56 /* Then in Frameworks */ = {isa = PBXBuildFile; productRef = 2AC408732A112B61009F0D56 /* Then */; };
		2AC408772A112B6C009F0D56 /* Alamofire in Frameworks */ = {isa = PBXBuildFile; productRef = 2AC408762A112B6C009F0D56 /* Alamofire */; };
		2AC4087D2A112E56009F0D56 /* ImageLiterals.swift in Sources */ = {isa = PBXBuildFile; fileRef = 2AC4087C2A112E56009F0D56 /* ImageLiterals.swift */; };
		2AC4087F2A112E60009F0D56 /* String.swift in Sources */ = {isa = PBXBuildFile; fileRef = 2AC4087E2A112E60009F0D56 /* String.swift */; };
		2AC4088E2A113195009F0D56 /* TransferViewController.swift in Sources */ = {isa = PBXBuildFile; fileRef = 2AC4088D2A113195009F0D56 /* TransferViewController.swift */; };
		2AC408912A1131FA009F0D56 /* TransferDetailViewController.swift in Sources */ = {isa = PBXBuildFile; fileRef = 2AC408902A1131FA009F0D56 /* TransferDetailViewController.swift */; };
		2AF091EA2A11507800F611C4 /* OneShinhan-Bold.otf in Resources */ = {isa = PBXBuildFile; fileRef = 2AF091E72A11507800F611C4 /* OneShinhan-Bold.otf */; };
		2AF091EB2A11507800F611C4 /* OneShinhan-Light.otf in Resources */ = {isa = PBXBuildFile; fileRef = 2AF091E82A11507800F611C4 /* OneShinhan-Light.otf */; };
		2AF091EC2A11507800F611C4 /* OneShinhan-Medium.otf in Resources */ = {isa = PBXBuildFile; fileRef = 2AF091E92A11507800F611C4 /* OneShinhan-Medium.otf */; };
		2AF091EE2A1150F000F611C4 /* UIFont+.swift in Sources */ = {isa = PBXBuildFile; fileRef = 2AF091ED2A1150F000F611C4 /* UIFont+.swift */; };
		2AF091F02A1151A300F611C4 /* UIColor+.swift in Sources */ = {isa = PBXBuildFile; fileRef = 2AF091EF2A1151A300F611C4 /* UIColor+.swift */; };		
		F4D6890E2A12B0C90082A9F3 /* UITextField+.swift in Sources */ = {isa = PBXBuildFile; fileRef = F4D6890D2A12B0C90082A9F3 /* UITextField+.swift */; };
		B51382EC2A13CFA100167728 /* UITabBarController+.swift in Sources */ = {isa = PBXBuildFile; fileRef = B51382EB2A13CFA100167728 /* UITabBarController+.swift */; };
		B54F21442A135316000D350C /* SOLNavigationBar.swift in Sources */ = {isa = PBXBuildFile; fileRef = B54F21432A135316000D350C /* SOLNavigationBar.swift */; };
		B54F21462A135AE9000D350C /* SOLButton.swift in Sources */ = {isa = PBXBuildFile; fileRef = B54F21452A135AE9000D350C /* SOLButton.swift */; };
		B54F21492A1364F0000D350C /* SOLTabBarController.swift in Sources */ = {isa = PBXBuildFile; fileRef = B54F21482A1364F0000D350C /* SOLTabBarController.swift */; };
		B54F214B2A13BF20000D350C /* SOLTabBarItem.swift in Sources */ = {isa = PBXBuildFile; fileRef = B54F214A2A13BF20000D350C /* SOLTabBarItem.swift */; };
		B54F214E2A13BF96000D350C /* MoneyVerseViewController.swift in Sources */ = {isa = PBXBuildFile; fileRef = B54F214D2A13BF96000D350C /* MoneyVerseViewController.swift */; };
		B54F21502A13BF9D000D350C /* ProductViewController.swift in Sources */ = {isa = PBXBuildFile; fileRef = B54F214F2A13BF9D000D350C /* ProductViewController.swift */; };
		B54F21522A13BFA4000D350C /* BenefitViewController.swift in Sources */ = {isa = PBXBuildFile; fileRef = B54F21512A13BFA4000D350C /* BenefitViewController.swift */; };
		B54F21542A13BFAA000D350C /* AllMenusViewController.swift in Sources */ = {isa = PBXBuildFile; fileRef = B54F21532A13BFAA000D350C /* AllMenusViewController.swift */; };
/* End PBXBuildFile section */

/* Begin PBXContainerItemProxy section */
		2AC408532A0F6687009F0D56 /* PBXContainerItemProxy */ = {
			isa = PBXContainerItemProxy;
			containerPortal = 2AC408342A0F6686009F0D56 /* Project object */;
			proxyType = 1;
			remoteGlobalIDString = 2AC4083B2A0F6686009F0D56;
			remoteInfo = SOLSOL;
		};
		2AC4085D2A0F6687009F0D56 /* PBXContainerItemProxy */ = {
			isa = PBXContainerItemProxy;
			containerPortal = 2AC408342A0F6686009F0D56 /* Project object */;
			proxyType = 1;
			remoteGlobalIDString = 2AC4083B2A0F6686009F0D56;
			remoteInfo = SOLSOL;
		};
/* End PBXContainerItemProxy section */

/* Begin PBXFileReference section */
		2A204ADC2A115BA500805E0A /* .gitkeep */ = {isa = PBXFileReference; lastKnownFileType = text; path = .gitkeep; sourceTree = "<group>"; };
		2A204ADE2A115BC500805E0A /* HomeView.swift */ = {isa = PBXFileReference; lastKnownFileType = sourcecode.swift; path = HomeView.swift; sourceTree = "<group>"; };
		2A204AE22A115BEA00805E0A /* TransferView.swift */ = {isa = PBXFileReference; lastKnownFileType = sourcecode.swift; path = TransferView.swift; sourceTree = "<group>"; };
		2A204AE42A115BF700805E0A /* aaTableViewCell.swift */ = {isa = PBXFileReference; lastKnownFileType = sourcecode.swift; path = aaTableViewCell.swift; sourceTree = "<group>"; };
		2A204AE62A115C0B00805E0A /* TransferDetailView.swift */ = {isa = PBXFileReference; lastKnownFileType = sourcecode.swift; path = TransferDetailView.swift; sourceTree = "<group>"; };
		2A4760F12A13EBF1005BAA9F /* DeliveryPackagingTableViewCell.swift */ = {isa = PBXFileReference; fileEncoding = 4; lastKnownFileType = sourcecode.swift; path = DeliveryPackagingTableViewCell.swift; sourceTree = "<group>"; };
		2A4760F22A13EBF1005BAA9F /* TransferCollectionViewCell.swift */ = {isa = PBXFileReference; fileEncoding = 4; lastKnownFileType = sourcecode.swift; path = TransferCollectionViewCell.swift; sourceTree = "<group>"; };
		2A4760F32A13EBF1005BAA9F /* ShinhanPlusTableViewCell.swift */ = {isa = PBXFileReference; fileEncoding = 4; lastKnownFileType = sourcecode.swift; path = ShinhanPlusTableViewCell.swift; sourceTree = "<group>"; };
		2A4760F42A13EBF1005BAA9F /* AdvertisementTableViewCell.swift */ = {isa = PBXFileReference; fileEncoding = 4; lastKnownFileType = sourcecode.swift; path = AdvertisementTableViewCell.swift; sourceTree = "<group>"; };
		2A4760F52A13EBF1005BAA9F /* FooterButtonTableViewCell.swift */ = {isa = PBXFileReference; fileEncoding = 4; lastKnownFileType = sourcecode.swift; path = FooterButtonTableViewCell.swift; sourceTree = "<group>"; };
		2A4760F62A13EBF1005BAA9F /* TransferTableViewCell.swift */ = {isa = PBXFileReference; fileEncoding = 4; lastKnownFileType = sourcecode.swift; path = TransferTableViewCell.swift; sourceTree = "<group>"; };
		2A4760F72A13EBF1005BAA9F /* CategoryTableViewCell.swift */ = {isa = PBXFileReference; fileEncoding = 4; lastKnownFileType = sourcecode.swift; path = CategoryTableViewCell.swift; sourceTree = "<group>"; };
		2A4760F82A13EBF1005BAA9F /* MyAccountTableViewCell.swift */ = {isa = PBXFileReference; fileEncoding = 4; lastKnownFileType = sourcecode.swift; path = MyAccountTableViewCell.swift; sourceTree = "<group>"; };
		2A4761012A13EC1B005BAA9F /* UIView+.swift */ = {isa = PBXFileReference; fileEncoding = 4; lastKnownFileType = sourcecode.swift; path = "UIView+.swift"; sourceTree = "<group>"; };
		2A4761022A13EC1B005BAA9F /* NSObject+.swift */ = {isa = PBXFileReference; fileEncoding = 4; lastKnownFileType = sourcecode.swift; path = "NSObject+.swift"; sourceTree = "<group>"; };
		2A4761052A13F0EE005BAA9F /* Section.swift */ = {isa = PBXFileReference; fileEncoding = 4; lastKnownFileType = sourcecode.swift; path = Section.swift; sourceTree = "<group>"; };
		2A4761062A13F0EE005BAA9F /* Item.swift */ = {isa = PBXFileReference; fileEncoding = 4; lastKnownFileType = sourcecode.swift; path = Item.swift; sourceTree = "<group>"; };
		2AC4083C2A0F6686009F0D56 /* SOLSOL.app */ = {isa = PBXFileReference; explicitFileType = wrapper.application; includeInIndex = 0; path = SOLSOL.app; sourceTree = BUILT_PRODUCTS_DIR; };
		2AC4083F2A0F6686009F0D56 /* AppDelegate.swift */ = {isa = PBXFileReference; lastKnownFileType = sourcecode.swift; path = AppDelegate.swift; sourceTree = "<group>"; };
		2AC408412A0F6686009F0D56 /* SceneDelegate.swift */ = {isa = PBXFileReference; lastKnownFileType = sourcecode.swift; path = SceneDelegate.swift; sourceTree = "<group>"; };
		2AC408432A0F6686009F0D56 /* HomeViewController.swift */ = {isa = PBXFileReference; lastKnownFileType = sourcecode.swift; path = HomeViewController.swift; sourceTree = "<group>"; };
		2AC408482A0F6687009F0D56 /* Assets.xcassets */ = {isa = PBXFileReference; lastKnownFileType = folder.assetcatalog; path = Assets.xcassets; sourceTree = "<group>"; };
		2AC4084B2A0F6687009F0D56 /* Base */ = {isa = PBXFileReference; lastKnownFileType = file.storyboard; name = Base; path = Base.lproj/LaunchScreen.storyboard; sourceTree = "<group>"; };
		2AC4084D2A0F6687009F0D56 /* Info.plist */ = {isa = PBXFileReference; lastKnownFileType = text.plist.xml; path = Info.plist; sourceTree = "<group>"; };
		2AC408522A0F6687009F0D56 /* SOLSOLTests.xctest */ = {isa = PBXFileReference; explicitFileType = wrapper.cfbundle; includeInIndex = 0; path = SOLSOLTests.xctest; sourceTree = BUILT_PRODUCTS_DIR; };
		2AC408562A0F6687009F0D56 /* SOLSOLTests.swift */ = {isa = PBXFileReference; lastKnownFileType = sourcecode.swift; path = SOLSOLTests.swift; sourceTree = "<group>"; };
		2AC4085C2A0F6687009F0D56 /* SOLSOLUITests.xctest */ = {isa = PBXFileReference; explicitFileType = wrapper.cfbundle; includeInIndex = 0; path = SOLSOLUITests.xctest; sourceTree = BUILT_PRODUCTS_DIR; };
		2AC408602A0F6687009F0D56 /* SOLSOLUITests.swift */ = {isa = PBXFileReference; lastKnownFileType = sourcecode.swift; path = SOLSOLUITests.swift; sourceTree = "<group>"; };
		2AC408622A0F6687009F0D56 /* SOLSOLUITestsLaunchTests.swift */ = {isa = PBXFileReference; lastKnownFileType = sourcecode.swift; path = SOLSOLUITestsLaunchTests.swift; sourceTree = "<group>"; };
		2AC4087C2A112E56009F0D56 /* ImageLiterals.swift */ = {isa = PBXFileReference; lastKnownFileType = sourcecode.swift; path = ImageLiterals.swift; sourceTree = "<group>"; };
		2AC4087E2A112E60009F0D56 /* String.swift */ = {isa = PBXFileReference; lastKnownFileType = sourcecode.swift; path = String.swift; sourceTree = "<group>"; };
		2AC4088D2A113195009F0D56 /* TransferViewController.swift */ = {isa = PBXFileReference; lastKnownFileType = sourcecode.swift; path = TransferViewController.swift; sourceTree = "<group>"; };
		2AC408902A1131FA009F0D56 /* TransferDetailViewController.swift */ = {isa = PBXFileReference; lastKnownFileType = sourcecode.swift; path = TransferDetailViewController.swift; sourceTree = "<group>"; };
		2AF091E72A11507800F611C4 /* OneShinhan-Bold.otf */ = {isa = PBXFileReference; lastKnownFileType = file; path = "OneShinhan-Bold.otf"; sourceTree = "<group>"; };
		2AF091E82A11507800F611C4 /* OneShinhan-Light.otf */ = {isa = PBXFileReference; lastKnownFileType = file; path = "OneShinhan-Light.otf"; sourceTree = "<group>"; };
		2AF091E92A11507800F611C4 /* OneShinhan-Medium.otf */ = {isa = PBXFileReference; lastKnownFileType = file; path = "OneShinhan-Medium.otf"; sourceTree = "<group>"; };
		2AF091ED2A1150F000F611C4 /* UIFont+.swift */ = {isa = PBXFileReference; lastKnownFileType = sourcecode.swift; path = "UIFont+.swift"; sourceTree = "<group>"; };
		2AF091EF2A1151A300F611C4 /* UIColor+.swift */ = {isa = PBXFileReference; lastKnownFileType = sourcecode.swift; path = "UIColor+.swift"; sourceTree = "<group>"; };
		F4D6890D2A12B0C90082A9F3 /* UITextField+.swift */ = {isa = PBXFileReference; lastKnownFileType = sourcecode.swift; path = "UITextField+.swift"; sourceTree = "<group>"; };
		B51382EB2A13CFA100167728 /* UITabBarController+.swift */ = {isa = PBXFileReference; lastKnownFileType = sourcecode.swift; path = "UITabBarController+.swift"; sourceTree = "<group>"; };
		B54F21432A135316000D350C /* SOLNavigationBar.swift */ = {isa = PBXFileReference; lastKnownFileType = sourcecode.swift; path = SOLNavigationBar.swift; sourceTree = "<group>"; };
		B54F21452A135AE9000D350C /* SOLButton.swift */ = {isa = PBXFileReference; lastKnownFileType = sourcecode.swift; path = SOLButton.swift; sourceTree = "<group>"; };
		B54F21482A1364F0000D350C /* SOLTabBarController.swift */ = {isa = PBXFileReference; lastKnownFileType = sourcecode.swift; path = SOLTabBarController.swift; sourceTree = "<group>"; };
		B54F214A2A13BF20000D350C /* SOLTabBarItem.swift */ = {isa = PBXFileReference; lastKnownFileType = sourcecode.swift; path = SOLTabBarItem.swift; sourceTree = "<group>"; };
		B54F214D2A13BF96000D350C /* MoneyVerseViewController.swift */ = {isa = PBXFileReference; lastKnownFileType = sourcecode.swift; path = MoneyVerseViewController.swift; sourceTree = "<group>"; };
		B54F214F2A13BF9D000D350C /* ProductViewController.swift */ = {isa = PBXFileReference; lastKnownFileType = sourcecode.swift; path = ProductViewController.swift; sourceTree = "<group>"; };
		B54F21512A13BFA4000D350C /* BenefitViewController.swift */ = {isa = PBXFileReference; lastKnownFileType = sourcecode.swift; path = BenefitViewController.swift; sourceTree = "<group>"; };
		B54F21532A13BFAA000D350C /* AllMenusViewController.swift */ = {isa = PBXFileReference; lastKnownFileType = sourcecode.swift; path = AllMenusViewController.swift; sourceTree = "<group>"; };
/* End PBXFileReference section */

/* Begin PBXFrameworksBuildPhase section */
		2AC408392A0F6686009F0D56 /* Frameworks */ = {
			isa = PBXFrameworksBuildPhase;
			buildActionMask = 2147483647;
			files = (
				2AC408772A112B6C009F0D56 /* Alamofire in Frameworks */,
				2AC408712A112B56009F0D56 /* SnapKit in Frameworks */,
				2AC408742A112B61009F0D56 /* Then in Frameworks */,
			);
			runOnlyForDeploymentPostprocessing = 0;
		};
		2AC4084F2A0F6687009F0D56 /* Frameworks */ = {
			isa = PBXFrameworksBuildPhase;
			buildActionMask = 2147483647;
			files = (
			);
			runOnlyForDeploymentPostprocessing = 0;
		};
		2AC408592A0F6687009F0D56 /* Frameworks */ = {
			isa = PBXFrameworksBuildPhase;
			buildActionMask = 2147483647;
			files = (
			);
			runOnlyForDeploymentPostprocessing = 0;
		};
/* End PBXFrameworksBuildPhase section */

/* Begin PBXGroup section */
		2AC408332A0F6686009F0D56 = {
			isa = PBXGroup;
			children = (
				2AC4083E2A0F6686009F0D56 /* SOLSOL */,
				2AC408552A0F6687009F0D56 /* SOLSOLTests */,
				2AC4085F2A0F6687009F0D56 /* SOLSOLUITests */,
				2AC4083D2A0F6686009F0D56 /* Products */,
			);
			sourceTree = "<group>";
		};
		2AC4083D2A0F6686009F0D56 /* Products */ = {
			isa = PBXGroup;
			children = (
				2AC4083C2A0F6686009F0D56 /* SOLSOL.app */,
				2AC408522A0F6687009F0D56 /* SOLSOLTests.xctest */,
				2AC4085C2A0F6687009F0D56 /* SOLSOLUITests.xctest */,
			);
			name = Products;
			sourceTree = "<group>";
		};
		2AC4083E2A0F6686009F0D56 /* SOLSOL */ = {
			isa = PBXGroup;
			children = (
				2AC408782A112DC1009F0D56 /* Application */,
				2AC408792A112DE9009F0D56 /* Global */,
				2AC408892A113006009F0D56 /* Presentation */,
			);
			path = SOLSOL;
			sourceTree = "<group>";
		};
		2AC408552A0F6687009F0D56 /* SOLSOLTests */ = {
			isa = PBXGroup;
			children = (
				2AC408562A0F6687009F0D56 /* SOLSOLTests.swift */,
			);
			path = SOLSOLTests;
			sourceTree = "<group>";
		};
		2AC4085F2A0F6687009F0D56 /* SOLSOLUITests */ = {
			isa = PBXGroup;
			children = (
				2AC408602A0F6687009F0D56 /* SOLSOLUITests.swift */,
				2AC408622A0F6687009F0D56 /* SOLSOLUITestsLaunchTests.swift */,
			);
			path = SOLSOLUITests;
			sourceTree = "<group>";
		};
		2AC408782A112DC1009F0D56 /* Application */ = {
			isa = PBXGroup;
			children = (
				2AC4083F2A0F6686009F0D56 /* AppDelegate.swift */,
				2AC408412A0F6686009F0D56 /* SceneDelegate.swift */,
			);
			path = Application;
			sourceTree = "<group>";
		};
		2AC408792A112DE9009F0D56 /* Global */ = {
			isa = PBXGroup;
			children = (
				B54F21422A135301000D350C /* UIComponents */,
				2AC4087A2A112E03009F0D56 /* Extension */,
				2AC4087B2A112E17009F0D56 /* Literals */,
				2AC408822A112EB5009F0D56 /* Protocols */,
				2AC408852A112EF3009F0D56 /* Resources */,
				2AC408882A112FD2009F0D56 /* Supporting Files */,
			);
			path = Global;
			sourceTree = "<group>";
		};
		2AC4087A2A112E03009F0D56 /* Extension */ = {
			isa = PBXGroup;
			children = (
				2A4761022A13EC1B005BAA9F /* NSObject+.swift */,
				2A4761012A13EC1B005BAA9F /* UIView+.swift */,
				2AF091EF2A1151A300F611C4 /* UIColor+.swift */,
				2AF091ED2A1150F000F611C4 /* UIFont+.swift */,
				2AF091EF2A1151A300F611C4 /* UIColor+.swift */,
				F4D6890D2A12B0C90082A9F3 /* UITextField+.swift */,
				B51382EB2A13CFA100167728 /* UITabBarController+.swift */,
				2A204AEC2A11F12F00805E0A /* UIView+.swift */,
			);
			path = Extension;
			sourceTree = "<group>";
		};
		2AC4087B2A112E17009F0D56 /* Literals */ = {
			isa = PBXGroup;
			children = (
				2AC4087C2A112E56009F0D56 /* ImageLiterals.swift */,
				2AC4087E2A112E60009F0D56 /* String.swift */,
			);
			path = Literals;
			sourceTree = "<group>";
		};
		2AC408822A112EB5009F0D56 /* Protocols */ = {
			isa = PBXGroup;
			children = (
				2A204ADC2A115BA500805E0A /* .gitkeep */,
			);
			path = Protocols;
			sourceTree = "<group>";
		};
		2AC408852A112EF3009F0D56 /* Resources */ = {
			isa = PBXGroup;
			children = (
				2AF091E62A11500900F611C4 /* Font */,
				2AC408482A0F6687009F0D56 /* Assets.xcassets */,
				2AC4084D2A0F6687009F0D56 /* Info.plist */,
			);
			path = Resources;
			sourceTree = "<group>";
		};
		2AC408882A112FD2009F0D56 /* Supporting Files */ = {
			isa = PBXGroup;
			children = (
				2AC4084A2A0F6687009F0D56 /* LaunchScreen.storyboard */,
			);
			path = "Supporting Files";
			sourceTree = "<group>";
		};
		2AC408892A113006009F0D56 /* Presentation */ = {
			isa = PBXGroup;
			children = (
				B54F21472A1364D8000D350C /* TabBar */,
				2AC4088A2A113054009F0D56 /* Home */,
				2AC4088C2A113158009F0D56 /* Transfer */,
				2AC4088F2A1131AE009F0D56 /* TransferDetail */,
			);
			path = Presentation;
			sourceTree = "<group>";
		};
		2AC4088A2A113054009F0D56 /* Home */ = {
			isa = PBXGroup;
			children = (
				2A4761062A13F0EE005BAA9F /* Item.swift */,
				2A4761052A13F0EE005BAA9F /* Section.swift */,
				2AC408432A0F6686009F0D56 /* HomeViewController.swift */,
				2AC408952A113250009F0D56 /* Views */,
				2AC408922A113229009F0D56 /* Cells */,
			);
			path = Home;
			sourceTree = "<group>";
		};
		2AC4088C2A113158009F0D56 /* Transfer */ = {
			isa = PBXGroup;
			children = (
				2AC408962A11327E009F0D56 /* Views */,
				2AC408932A11322F009F0D56 /* Cells */,
				2AC4088D2A113195009F0D56 /* TransferViewController.swift */,
			);
			path = Transfer;
			sourceTree = "<group>";
		};
		2AC4088F2A1131AE009F0D56 /* TransferDetail */ = {
			isa = PBXGroup;
			children = (
				2AC408972A113288009F0D56 /* Views */,
				2AC408902A1131FA009F0D56 /* TransferDetailViewController.swift */,
			);
			path = TransferDetail;
			sourceTree = "<group>";
		};
		2AC408922A113229009F0D56 /* Cells */ = {
			isa = PBXGroup;
			children = (
				2A4760F42A13EBF1005BAA9F /* AdvertisementTableViewCell.swift */,
				2A4760F82A13EBF1005BAA9F /* MyAccountTableViewCell.swift */,
				2A4760F62A13EBF1005BAA9F /* TransferTableViewCell.swift */,
				2A4760F22A13EBF1005BAA9F /* TransferCollectionViewCell.swift */,
				2A4760F32A13EBF1005BAA9F /* ShinhanPlusTableViewCell.swift */,
				2A4760F12A13EBF1005BAA9F /* DeliveryPackagingTableViewCell.swift */,
				2A4760F72A13EBF1005BAA9F /* CategoryTableViewCell.swift */,
				2A4760F52A13EBF1005BAA9F /* FooterButtonTableViewCell.swift */,
			);
			path = Cells;
			sourceTree = "<group>";
		};
		2AC408932A11322F009F0D56 /* Cells */ = {
			isa = PBXGroup;
			children = (
				2A204AE42A115BF700805E0A /* aaTableViewCell.swift */,
			);
			path = Cells;
			sourceTree = "<group>";
		};
		2AC408952A113250009F0D56 /* Views */ = {
			isa = PBXGroup;
			children = (
				2A204ADE2A115BC500805E0A /* HomeView.swift */,
			);
			path = Views;
			sourceTree = "<group>";
		};
		2AC408962A11327E009F0D56 /* Views */ = {
			isa = PBXGroup;
			children = (
				2A204AE22A115BEA00805E0A /* TransferView.swift */,
			);
			path = Views;
			sourceTree = "<group>";
		};
		2AC408972A113288009F0D56 /* Views */ = {
			isa = PBXGroup;
			children = (
				2A204AE62A115C0B00805E0A /* TransferDetailView.swift */,
			);
			path = Views;
			sourceTree = "<group>";
		};
		2AF091E62A11500900F611C4 /* Font */ = {
			isa = PBXGroup;
			children = (
				2AF091E72A11507800F611C4 /* OneShinhan-Bold.otf */,
				2AF091E92A11507800F611C4 /* OneShinhan-Medium.otf */,
				2AF091E82A11507800F611C4 /* OneShinhan-Light.otf */,
			);
			path = Font;
			sourceTree = "<group>";
		};
		B54F21422A135301000D350C /* UIComponents */ = {
			isa = PBXGroup;
			children = (
				B54F21432A135316000D350C /* SOLNavigationBar.swift */,
				B54F21452A135AE9000D350C /* SOLButton.swift */,
			);
			path = UIComponents;
			sourceTree = "<group>";
		};
		B54F21472A1364D8000D350C /* TabBar */ = {
			isa = PBXGroup;
			children = (
				B54F214C2A13BF88000D350C /* TabVCs */,
				B54F21482A1364F0000D350C /* SOLTabBarController.swift */,
				B54F214A2A13BF20000D350C /* SOLTabBarItem.swift */,
			);
			path = TabBar;
			sourceTree = "<group>";
		};
		B54F214C2A13BF88000D350C /* TabVCs */ = {
			isa = PBXGroup;
			children = (
				B54F214D2A13BF96000D350C /* MoneyVerseViewController.swift */,
				B54F214F2A13BF9D000D350C /* ProductViewController.swift */,
				B54F21512A13BFA4000D350C /* BenefitViewController.swift */,
				B54F21532A13BFAA000D350C /* AllMenusViewController.swift */,
			);
			path = TabVCs;
			sourceTree = "<group>";
		};
/* End PBXGroup section */

/* Begin PBXNativeTarget section */
		2AC4083B2A0F6686009F0D56 /* SOLSOL */ = {
			isa = PBXNativeTarget;
			buildConfigurationList = 2AC408662A0F6687009F0D56 /* Build configuration list for PBXNativeTarget "SOLSOL" */;
			buildPhases = (
				2AC408382A0F6686009F0D56 /* Sources */,
				2AC408392A0F6686009F0D56 /* Frameworks */,
				2AC4083A2A0F6686009F0D56 /* Resources */,
			);
			buildRules = (
			);
			dependencies = (
			);
			name = SOLSOL;
			packageProductDependencies = (
				2AC408702A112B56009F0D56 /* SnapKit */,
				2AC408732A112B61009F0D56 /* Then */,
				2AC408762A112B6C009F0D56 /* Alamofire */,
			);
			productName = SOLSOL;
			productReference = 2AC4083C2A0F6686009F0D56 /* SOLSOL.app */;
			productType = "com.apple.product-type.application";
		};
		2AC408512A0F6687009F0D56 /* SOLSOLTests */ = {
			isa = PBXNativeTarget;
			buildConfigurationList = 2AC408692A0F6687009F0D56 /* Build configuration list for PBXNativeTarget "SOLSOLTests" */;
			buildPhases = (
				2AC4084E2A0F6687009F0D56 /* Sources */,
				2AC4084F2A0F6687009F0D56 /* Frameworks */,
				2AC408502A0F6687009F0D56 /* Resources */,
			);
			buildRules = (
			);
			dependencies = (
				2AC408542A0F6687009F0D56 /* PBXTargetDependency */,
			);
			name = SOLSOLTests;
			productName = SOLSOLTests;
			productReference = 2AC408522A0F6687009F0D56 /* SOLSOLTests.xctest */;
			productType = "com.apple.product-type.bundle.unit-test";
		};
		2AC4085B2A0F6687009F0D56 /* SOLSOLUITests */ = {
			isa = PBXNativeTarget;
			buildConfigurationList = 2AC4086C2A0F6687009F0D56 /* Build configuration list for PBXNativeTarget "SOLSOLUITests" */;
			buildPhases = (
				2AC408582A0F6687009F0D56 /* Sources */,
				2AC408592A0F6687009F0D56 /* Frameworks */,
				2AC4085A2A0F6687009F0D56 /* Resources */,
			);
			buildRules = (
			);
			dependencies = (
				2AC4085E2A0F6687009F0D56 /* PBXTargetDependency */,
			);
			name = SOLSOLUITests;
			productName = SOLSOLUITests;
			productReference = 2AC4085C2A0F6687009F0D56 /* SOLSOLUITests.xctest */;
			productType = "com.apple.product-type.bundle.ui-testing";
		};
/* End PBXNativeTarget section */

/* Begin PBXProject section */
		2AC408342A0F6686009F0D56 /* Project object */ = {
			isa = PBXProject;
			attributes = {
				BuildIndependentTargetsInParallel = 1;
				LastSwiftUpdateCheck = 1420;
				LastUpgradeCheck = 1420;
				TargetAttributes = {
					2AC4083B2A0F6686009F0D56 = {
						CreatedOnToolsVersion = 14.2;
					};
					2AC408512A0F6687009F0D56 = {
						CreatedOnToolsVersion = 14.2;
						TestTargetID = 2AC4083B2A0F6686009F0D56;
					};
					2AC4085B2A0F6687009F0D56 = {
						CreatedOnToolsVersion = 14.2;
						TestTargetID = 2AC4083B2A0F6686009F0D56;
					};
				};
			};
			buildConfigurationList = 2AC408372A0F6686009F0D56 /* Build configuration list for PBXProject "SOLSOL" */;
			compatibilityVersion = "Xcode 14.0";
			developmentRegion = en;
			hasScannedForEncodings = 0;
			knownRegions = (
				en,
				Base,
			);
			mainGroup = 2AC408332A0F6686009F0D56;
			packageReferences = (
				2AC4086F2A112B55009F0D56 /* XCRemoteSwiftPackageReference "SnapKit" */,
				2AC408722A112B61009F0D56 /* XCRemoteSwiftPackageReference "Then" */,
				2AC408752A112B6C009F0D56 /* XCRemoteSwiftPackageReference "Alamofire" */,
			);
			productRefGroup = 2AC4083D2A0F6686009F0D56 /* Products */;
			projectDirPath = "";
			projectRoot = "";
			targets = (
				2AC4083B2A0F6686009F0D56 /* SOLSOL */,
				2AC408512A0F6687009F0D56 /* SOLSOLTests */,
				2AC4085B2A0F6687009F0D56 /* SOLSOLUITests */,
			);
		};
/* End PBXProject section */

/* Begin PBXResourcesBuildPhase section */
		2AC4083A2A0F6686009F0D56 /* Resources */ = {
			isa = PBXResourcesBuildPhase;
			buildActionMask = 2147483647;
			files = (
				2AC4084C2A0F6687009F0D56 /* LaunchScreen.storyboard in Resources */,
				2AF091EA2A11507800F611C4 /* OneShinhan-Bold.otf in Resources */,
				2AF091EC2A11507800F611C4 /* OneShinhan-Medium.otf in Resources */,
				2A204ADD2A115BA500805E0A /* .gitkeep in Resources */,
				2AC408492A0F6687009F0D56 /* Assets.xcassets in Resources */,
				2AF091EB2A11507800F611C4 /* OneShinhan-Light.otf in Resources */,
			);
			runOnlyForDeploymentPostprocessing = 0;
		};
		2AC408502A0F6687009F0D56 /* Resources */ = {
			isa = PBXResourcesBuildPhase;
			buildActionMask = 2147483647;
			files = (
			);
			runOnlyForDeploymentPostprocessing = 0;
		};
		2AC4085A2A0F6687009F0D56 /* Resources */ = {
			isa = PBXResourcesBuildPhase;
			buildActionMask = 2147483647;
			files = (
			);
			runOnlyForDeploymentPostprocessing = 0;
		};
/* End PBXResourcesBuildPhase section */

/* Begin PBXSourcesBuildPhase section */
		2AC408382A0F6686009F0D56 /* Sources */ = {
			isa = PBXSourcesBuildPhase;
			buildActionMask = 2147483647;
			files = (
				2A4760FC2A13EBF1005BAA9F /* AdvertisementTableViewCell.swift in Sources */,
				2A204AE52A115BF700805E0A /* aaTableViewCell.swift in Sources */,
				2AF091EE2A1150F000F611C4 /* UIFont+.swift in Sources */,
				2A204AE32A115BEA00805E0A /* TransferView.swift in Sources */,
				2A4760FA2A13EBF1005BAA9F /* TransferCollectionViewCell.swift in Sources */,
				2A4761082A13F0EE005BAA9F /* Item.swift in Sources */,
				2A4761042A13EC1B005BAA9F /* NSObject+.swift in Sources */,
				2AC408912A1131FA009F0D56 /* TransferDetailViewController.swift in Sources */,
				2A204B0C2A128EE200805E0A /* Item.swift in Sources */,
				2A204B0E2A13DF4600805E0A /* Section.swift in Sources */,
				2A204B0A2A12701400805E0A /* TransferCollectionViewCell.swift in Sources */,
				B54F21462A135AE9000D350C /* SOLButton.swift in Sources */,
				B51382EC2A13CFA100167728 /* UITabBarController+.swift in Sources */,
				B54F21542A13BFAA000D350C /* AllMenusViewController.swift in Sources */,
				2AC408442A0F6686009F0D56 /* HomeViewController.swift in Sources */,
				B54F21442A135316000D350C /* SOLNavigationBar.swift in Sources */,
				2A204ADF2A115BC500805E0A /* HomeView.swift in Sources */,
				2A4761032A13EC1B005BAA9F /* UIView+.swift in Sources */,
				2A4760FD2A13EBF1005BAA9F /* FooterButtonTableViewCell.swift in Sources */,
				B54F21522A13BFA4000D350C /* BenefitViewController.swift in Sources */,
				2AC4088E2A113195009F0D56 /* TransferViewController.swift in Sources */,
				2AC4087D2A112E56009F0D56 /* ImageLiterals.swift in Sources */,
				2A4760FB2A13EBF1005BAA9F /* ShinhanPlusTableViewCell.swift in Sources */,
				2A204AE72A115C0B00805E0A /* TransferDetailView.swift in Sources */,
				2A204AE12A115BD400805E0A /* TableViewCell.swift in Sources */,
				2A4760F92A13EBF1005BAA9F /* DeliveryPackagingTableViewCell.swift in Sources */,
				2A4760FE2A13EBF1005BAA9F /* TransferTableViewCell.swift in Sources */,
				2A4760FF2A13EBF1005BAA9F /* CategoryTableViewCell.swift in Sources */,
				2AC4087F2A112E60009F0D56 /* String.swift in Sources */,
				B54F214B2A13BF20000D350C /* SOLTabBarItem.swift in Sources */,
				B54F214E2A13BF96000D350C /* MoneyVerseViewController.swift in Sources */,
				B54F21492A1364F0000D350C /* SOLTabBarController.swift in Sources */,
				2AC408402A0F6686009F0D56 /* AppDelegate.swift in Sources */,
				2AC408422A0F6686009F0D56 /* SceneDelegate.swift in Sources */,
				2A4761072A13F0EE005BAA9F /* Section.swift in Sources */,
				2A4761002A13EBF1005BAA9F /* MyAccountTableViewCell.swift in Sources */,
				2A204AEF2A11F59100805E0A /* AdvertisementTableViewCell.swift in Sources */,
				B54F21502A13BF9D000D350C /* ProductViewController.swift in Sources */,
				2AF091F02A1151A300F611C4 /* UIColor+.swift in Sources */,
				F4D6890E2A12B0C90082A9F3 /* UITextField+.swift in Sources */,
			);
			runOnlyForDeploymentPostprocessing = 0;
		};
		2AC4084E2A0F6687009F0D56 /* Sources */ = {
			isa = PBXSourcesBuildPhase;
			buildActionMask = 2147483647;
			files = (
				2AC408572A0F6687009F0D56 /* SOLSOLTests.swift in Sources */,
			);
			runOnlyForDeploymentPostprocessing = 0;
		};
		2AC408582A0F6687009F0D56 /* Sources */ = {
			isa = PBXSourcesBuildPhase;
			buildActionMask = 2147483647;
			files = (
				2AC408632A0F6687009F0D56 /* SOLSOLUITestsLaunchTests.swift in Sources */,
				2AC408612A0F6687009F0D56 /* SOLSOLUITests.swift in Sources */,
			);
			runOnlyForDeploymentPostprocessing = 0;
		};
/* End PBXSourcesBuildPhase section */

/* Begin PBXTargetDependency section */
		2AC408542A0F6687009F0D56 /* PBXTargetDependency */ = {
			isa = PBXTargetDependency;
			target = 2AC4083B2A0F6686009F0D56 /* SOLSOL */;
			targetProxy = 2AC408532A0F6687009F0D56 /* PBXContainerItemProxy */;
		};
		2AC4085E2A0F6687009F0D56 /* PBXTargetDependency */ = {
			isa = PBXTargetDependency;
			target = 2AC4083B2A0F6686009F0D56 /* SOLSOL */;
			targetProxy = 2AC4085D2A0F6687009F0D56 /* PBXContainerItemProxy */;
		};
/* End PBXTargetDependency section */

/* Begin PBXVariantGroup section */
		2AC4084A2A0F6687009F0D56 /* LaunchScreen.storyboard */ = {
			isa = PBXVariantGroup;
			children = (
				2AC4084B2A0F6687009F0D56 /* Base */,
			);
			name = LaunchScreen.storyboard;
			sourceTree = "<group>";
		};
/* End PBXVariantGroup section */

/* Begin XCBuildConfiguration section */
		2AC408642A0F6687009F0D56 /* Debug */ = {
			isa = XCBuildConfiguration;
			buildSettings = {
				ALWAYS_SEARCH_USER_PATHS = NO;
				CLANG_ANALYZER_NONNULL = YES;
				CLANG_ANALYZER_NUMBER_OBJECT_CONVERSION = YES_AGGRESSIVE;
				CLANG_CXX_LANGUAGE_STANDARD = "gnu++20";
				CLANG_ENABLE_MODULES = YES;
				CLANG_ENABLE_OBJC_ARC = YES;
				CLANG_ENABLE_OBJC_WEAK = YES;
				CLANG_WARN_BLOCK_CAPTURE_AUTORELEASING = YES;
				CLANG_WARN_BOOL_CONVERSION = YES;
				CLANG_WARN_COMMA = YES;
				CLANG_WARN_CONSTANT_CONVERSION = YES;
				CLANG_WARN_DEPRECATED_OBJC_IMPLEMENTATIONS = YES;
				CLANG_WARN_DIRECT_OBJC_ISA_USAGE = YES_ERROR;
				CLANG_WARN_DOCUMENTATION_COMMENTS = YES;
				CLANG_WARN_EMPTY_BODY = YES;
				CLANG_WARN_ENUM_CONVERSION = YES;
				CLANG_WARN_INFINITE_RECURSION = YES;
				CLANG_WARN_INT_CONVERSION = YES;
				CLANG_WARN_NON_LITERAL_NULL_CONVERSION = YES;
				CLANG_WARN_OBJC_IMPLICIT_RETAIN_SELF = YES;
				CLANG_WARN_OBJC_LITERAL_CONVERSION = YES;
				CLANG_WARN_OBJC_ROOT_CLASS = YES_ERROR;
				CLANG_WARN_QUOTED_INCLUDE_IN_FRAMEWORK_HEADER = YES;
				CLANG_WARN_RANGE_LOOP_ANALYSIS = YES;
				CLANG_WARN_STRICT_PROTOTYPES = YES;
				CLANG_WARN_SUSPICIOUS_MOVE = YES;
				CLANG_WARN_UNGUARDED_AVAILABILITY = YES_AGGRESSIVE;
				CLANG_WARN_UNREACHABLE_CODE = YES;
				CLANG_WARN__DUPLICATE_METHOD_MATCH = YES;
				COPY_PHASE_STRIP = NO;
				DEBUG_INFORMATION_FORMAT = dwarf;
				ENABLE_STRICT_OBJC_MSGSEND = YES;
				ENABLE_TESTABILITY = YES;
				GCC_C_LANGUAGE_STANDARD = gnu11;
				GCC_DYNAMIC_NO_PIC = NO;
				GCC_NO_COMMON_BLOCKS = YES;
				GCC_OPTIMIZATION_LEVEL = 0;
				GCC_PREPROCESSOR_DEFINITIONS = (
					"DEBUG=1",
					"$(inherited)",
				);
				GCC_WARN_64_TO_32_BIT_CONVERSION = YES;
				GCC_WARN_ABOUT_RETURN_TYPE = YES_ERROR;
				GCC_WARN_UNDECLARED_SELECTOR = YES;
				GCC_WARN_UNINITIALIZED_AUTOS = YES_AGGRESSIVE;
				GCC_WARN_UNUSED_FUNCTION = YES;
				GCC_WARN_UNUSED_VARIABLE = YES;
				IPHONEOS_DEPLOYMENT_TARGET = 16.2;
				MTL_ENABLE_DEBUG_INFO = INCLUDE_SOURCE;
				MTL_FAST_MATH = YES;
				ONLY_ACTIVE_ARCH = YES;
				SDKROOT = iphoneos;
				SWIFT_ACTIVE_COMPILATION_CONDITIONS = DEBUG;
				SWIFT_OPTIMIZATION_LEVEL = "-Onone";
			};
			name = Debug;
		};
		2AC408652A0F6687009F0D56 /* Release */ = {
			isa = XCBuildConfiguration;
			buildSettings = {
				ALWAYS_SEARCH_USER_PATHS = NO;
				CLANG_ANALYZER_NONNULL = YES;
				CLANG_ANALYZER_NUMBER_OBJECT_CONVERSION = YES_AGGRESSIVE;
				CLANG_CXX_LANGUAGE_STANDARD = "gnu++20";
				CLANG_ENABLE_MODULES = YES;
				CLANG_ENABLE_OBJC_ARC = YES;
				CLANG_ENABLE_OBJC_WEAK = YES;
				CLANG_WARN_BLOCK_CAPTURE_AUTORELEASING = YES;
				CLANG_WARN_BOOL_CONVERSION = YES;
				CLANG_WARN_COMMA = YES;
				CLANG_WARN_CONSTANT_CONVERSION = YES;
				CLANG_WARN_DEPRECATED_OBJC_IMPLEMENTATIONS = YES;
				CLANG_WARN_DIRECT_OBJC_ISA_USAGE = YES_ERROR;
				CLANG_WARN_DOCUMENTATION_COMMENTS = YES;
				CLANG_WARN_EMPTY_BODY = YES;
				CLANG_WARN_ENUM_CONVERSION = YES;
				CLANG_WARN_INFINITE_RECURSION = YES;
				CLANG_WARN_INT_CONVERSION = YES;
				CLANG_WARN_NON_LITERAL_NULL_CONVERSION = YES;
				CLANG_WARN_OBJC_IMPLICIT_RETAIN_SELF = YES;
				CLANG_WARN_OBJC_LITERAL_CONVERSION = YES;
				CLANG_WARN_OBJC_ROOT_CLASS = YES_ERROR;
				CLANG_WARN_QUOTED_INCLUDE_IN_FRAMEWORK_HEADER = YES;
				CLANG_WARN_RANGE_LOOP_ANALYSIS = YES;
				CLANG_WARN_STRICT_PROTOTYPES = YES;
				CLANG_WARN_SUSPICIOUS_MOVE = YES;
				CLANG_WARN_UNGUARDED_AVAILABILITY = YES_AGGRESSIVE;
				CLANG_WARN_UNREACHABLE_CODE = YES;
				CLANG_WARN__DUPLICATE_METHOD_MATCH = YES;
				COPY_PHASE_STRIP = NO;
				DEBUG_INFORMATION_FORMAT = "dwarf-with-dsym";
				ENABLE_NS_ASSERTIONS = NO;
				ENABLE_STRICT_OBJC_MSGSEND = YES;
				GCC_C_LANGUAGE_STANDARD = gnu11;
				GCC_NO_COMMON_BLOCKS = YES;
				GCC_WARN_64_TO_32_BIT_CONVERSION = YES;
				GCC_WARN_ABOUT_RETURN_TYPE = YES_ERROR;
				GCC_WARN_UNDECLARED_SELECTOR = YES;
				GCC_WARN_UNINITIALIZED_AUTOS = YES_AGGRESSIVE;
				GCC_WARN_UNUSED_FUNCTION = YES;
				GCC_WARN_UNUSED_VARIABLE = YES;
				IPHONEOS_DEPLOYMENT_TARGET = 16.2;
				MTL_ENABLE_DEBUG_INFO = NO;
				MTL_FAST_MATH = YES;
				SDKROOT = iphoneos;
				SWIFT_COMPILATION_MODE = wholemodule;
				SWIFT_OPTIMIZATION_LEVEL = "-O";
				VALIDATE_PRODUCT = YES;
			};
			name = Release;
		};
		2AC408672A0F6687009F0D56 /* Debug */ = {
			isa = XCBuildConfiguration;
			buildSettings = {
				ASSETCATALOG_COMPILER_APPICON_NAME = AppIcon;
				ASSETCATALOG_COMPILER_GLOBAL_ACCENT_COLOR_NAME = AccentColor;
				CODE_SIGN_STYLE = Automatic;
				CURRENT_PROJECT_VERSION = 1;
				DEVELOPMENT_TEAM = 349HWJV2J8;
				GENERATE_INFOPLIST_FILE = YES;
				INFOPLIST_FILE = SOLSOL/Global/Resources/info.plist;
				INFOPLIST_KEY_UIApplicationSupportsIndirectInputEvents = YES;
				INFOPLIST_KEY_UILaunchStoryboardName = LaunchScreen;
				INFOPLIST_KEY_UISupportedInterfaceOrientations_iPad = "UIInterfaceOrientationPortrait UIInterfaceOrientationPortraitUpsideDown UIInterfaceOrientationLandscapeLeft UIInterfaceOrientationLandscapeRight";
				INFOPLIST_KEY_UISupportedInterfaceOrientations_iPhone = "UIInterfaceOrientationPortrait UIInterfaceOrientationLandscapeLeft UIInterfaceOrientationLandscapeRight";
				LD_RUNPATH_SEARCH_PATHS = (
					"$(inherited)",
					"@executable_path/Frameworks",
				);
				MARKETING_VERSION = 1.0;
				PRODUCT_BUNDLE_IDENTIFIER = "com.naver-heejoo-byun.SOLSOL";
				PRODUCT_NAME = "$(TARGET_NAME)";
				SWIFT_EMIT_LOC_STRINGS = YES;
				SWIFT_VERSION = 5.0;
				TARGETED_DEVICE_FAMILY = "1,2";
			};
			name = Debug;
		};
		2AC408682A0F6687009F0D56 /* Release */ = {
			isa = XCBuildConfiguration;
			buildSettings = {
				ASSETCATALOG_COMPILER_APPICON_NAME = AppIcon;
				ASSETCATALOG_COMPILER_GLOBAL_ACCENT_COLOR_NAME = AccentColor;
				CODE_SIGN_STYLE = Automatic;
				CURRENT_PROJECT_VERSION = 1;
				DEVELOPMENT_TEAM = 349HWJV2J8;
				GENERATE_INFOPLIST_FILE = YES;
				INFOPLIST_FILE = SOLSOL/Global/Resources/info.plist;
				INFOPLIST_KEY_UIApplicationSupportsIndirectInputEvents = YES;
				INFOPLIST_KEY_UILaunchStoryboardName = LaunchScreen;
				INFOPLIST_KEY_UISupportedInterfaceOrientations_iPad = "UIInterfaceOrientationPortrait UIInterfaceOrientationPortraitUpsideDown UIInterfaceOrientationLandscapeLeft UIInterfaceOrientationLandscapeRight";
				INFOPLIST_KEY_UISupportedInterfaceOrientations_iPhone = "UIInterfaceOrientationPortrait UIInterfaceOrientationLandscapeLeft UIInterfaceOrientationLandscapeRight";
				LD_RUNPATH_SEARCH_PATHS = (
					"$(inherited)",
					"@executable_path/Frameworks",
				);
				MARKETING_VERSION = 1.0;
				PRODUCT_BUNDLE_IDENTIFIER = "com.naver-heejoo-byun.SOLSOL";
				PRODUCT_NAME = "$(TARGET_NAME)";
				SWIFT_EMIT_LOC_STRINGS = YES;
				SWIFT_VERSION = 5.0;
				TARGETED_DEVICE_FAMILY = "1,2";
			};
			name = Release;
		};
		2AC4086A2A0F6687009F0D56 /* Debug */ = {
			isa = XCBuildConfiguration;
			buildSettings = {
				ALWAYS_EMBED_SWIFT_STANDARD_LIBRARIES = YES;
				BUNDLE_LOADER = "$(TEST_HOST)";
				CODE_SIGN_STYLE = Automatic;
				CURRENT_PROJECT_VERSION = 1;
				DEVELOPMENT_TEAM = 349HWJV2J8;
				GENERATE_INFOPLIST_FILE = YES;
				IPHONEOS_DEPLOYMENT_TARGET = 16.2;
				MARKETING_VERSION = 1.0;
				PRODUCT_BUNDLE_IDENTIFIER = "com.naver-heejoo-byun.SOLSOLTests";
				PRODUCT_NAME = "$(TARGET_NAME)";
				SWIFT_EMIT_LOC_STRINGS = NO;
				SWIFT_VERSION = 5.0;
				TARGETED_DEVICE_FAMILY = "1,2";
				TEST_HOST = "$(BUILT_PRODUCTS_DIR)/SOLSOL.app/$(BUNDLE_EXECUTABLE_FOLDER_PATH)/SOLSOL";
			};
			name = Debug;
		};
		2AC4086B2A0F6687009F0D56 /* Release */ = {
			isa = XCBuildConfiguration;
			buildSettings = {
				ALWAYS_EMBED_SWIFT_STANDARD_LIBRARIES = YES;
				BUNDLE_LOADER = "$(TEST_HOST)";
				CODE_SIGN_STYLE = Automatic;
				CURRENT_PROJECT_VERSION = 1;
				DEVELOPMENT_TEAM = 349HWJV2J8;
				GENERATE_INFOPLIST_FILE = YES;
				IPHONEOS_DEPLOYMENT_TARGET = 16.2;
				MARKETING_VERSION = 1.0;
				PRODUCT_BUNDLE_IDENTIFIER = "com.naver-heejoo-byun.SOLSOLTests";
				PRODUCT_NAME = "$(TARGET_NAME)";
				SWIFT_EMIT_LOC_STRINGS = NO;
				SWIFT_VERSION = 5.0;
				TARGETED_DEVICE_FAMILY = "1,2";
				TEST_HOST = "$(BUILT_PRODUCTS_DIR)/SOLSOL.app/$(BUNDLE_EXECUTABLE_FOLDER_PATH)/SOLSOL";
			};
			name = Release;
		};
		2AC4086D2A0F6687009F0D56 /* Debug */ = {
			isa = XCBuildConfiguration;
			buildSettings = {
				ALWAYS_EMBED_SWIFT_STANDARD_LIBRARIES = YES;
				CODE_SIGN_STYLE = Automatic;
				CURRENT_PROJECT_VERSION = 1;
				DEVELOPMENT_TEAM = 349HWJV2J8;
				GENERATE_INFOPLIST_FILE = YES;
				MARKETING_VERSION = 1.0;
				PRODUCT_BUNDLE_IDENTIFIER = "com.naver-heejoo-byun.SOLSOLUITests";
				PRODUCT_NAME = "$(TARGET_NAME)";
				SWIFT_EMIT_LOC_STRINGS = NO;
				SWIFT_VERSION = 5.0;
				TARGETED_DEVICE_FAMILY = "1,2";
				TEST_TARGET_NAME = SOLSOL;
			};
			name = Debug;
		};
		2AC4086E2A0F6687009F0D56 /* Release */ = {
			isa = XCBuildConfiguration;
			buildSettings = {
				ALWAYS_EMBED_SWIFT_STANDARD_LIBRARIES = YES;
				CODE_SIGN_STYLE = Automatic;
				CURRENT_PROJECT_VERSION = 1;
				DEVELOPMENT_TEAM = 349HWJV2J8;
				GENERATE_INFOPLIST_FILE = YES;
				MARKETING_VERSION = 1.0;
				PRODUCT_BUNDLE_IDENTIFIER = "com.naver-heejoo-byun.SOLSOLUITests";
				PRODUCT_NAME = "$(TARGET_NAME)";
				SWIFT_EMIT_LOC_STRINGS = NO;
				SWIFT_VERSION = 5.0;
				TARGETED_DEVICE_FAMILY = "1,2";
				TEST_TARGET_NAME = SOLSOL;
			};
			name = Release;
		};
/* End XCBuildConfiguration section */

/* Begin XCConfigurationList section */
		2AC408372A0F6686009F0D56 /* Build configuration list for PBXProject "SOLSOL" */ = {
			isa = XCConfigurationList;
			buildConfigurations = (
				2AC408642A0F6687009F0D56 /* Debug */,
				2AC408652A0F6687009F0D56 /* Release */,
			);
			defaultConfigurationIsVisible = 0;
			defaultConfigurationName = Release;
		};
		2AC408662A0F6687009F0D56 /* Build configuration list for PBXNativeTarget "SOLSOL" */ = {
			isa = XCConfigurationList;
			buildConfigurations = (
				2AC408672A0F6687009F0D56 /* Debug */,
				2AC408682A0F6687009F0D56 /* Release */,
			);
			defaultConfigurationIsVisible = 0;
			defaultConfigurationName = Release;
		};
		2AC408692A0F6687009F0D56 /* Build configuration list for PBXNativeTarget "SOLSOLTests" */ = {
			isa = XCConfigurationList;
			buildConfigurations = (
				2AC4086A2A0F6687009F0D56 /* Debug */,
				2AC4086B2A0F6687009F0D56 /* Release */,
			);
			defaultConfigurationIsVisible = 0;
			defaultConfigurationName = Release;
		};
		2AC4086C2A0F6687009F0D56 /* Build configuration list for PBXNativeTarget "SOLSOLUITests" */ = {
			isa = XCConfigurationList;
			buildConfigurations = (
				2AC4086D2A0F6687009F0D56 /* Debug */,
				2AC4086E2A0F6687009F0D56 /* Release */,
			);
			defaultConfigurationIsVisible = 0;
			defaultConfigurationName = Release;
		};
/* End XCConfigurationList section */

/* Begin XCRemoteSwiftPackageReference section */
		2AC4086F2A112B55009F0D56 /* XCRemoteSwiftPackageReference "SnapKit" */ = {
			isa = XCRemoteSwiftPackageReference;
			repositoryURL = "https://github.com/SnapKit/SnapKit.git";
			requirement = {
				kind = upToNextMajorVersion;
				minimumVersion = 5.0.0;
			};
		};
		2AC408722A112B61009F0D56 /* XCRemoteSwiftPackageReference "Then" */ = {
			isa = XCRemoteSwiftPackageReference;
			repositoryURL = "https://github.com/devxoul/Then.git";
			requirement = {
				kind = upToNextMajorVersion;
				minimumVersion = 3.0.0;
			};
		};
		2AC408752A112B6C009F0D56 /* XCRemoteSwiftPackageReference "Alamofire" */ = {
			isa = XCRemoteSwiftPackageReference;
			repositoryURL = "https://github.com/Alamofire/Alamofire.git";
			requirement = {
				kind = upToNextMajorVersion;
				minimumVersion = 5.0.0;
			};
		};
/* End XCRemoteSwiftPackageReference section */

/* Begin XCSwiftPackageProductDependency section */
		2AC408702A112B56009F0D56 /* SnapKit */ = {
			isa = XCSwiftPackageProductDependency;
			package = 2AC4086F2A112B55009F0D56 /* XCRemoteSwiftPackageReference "SnapKit" */;
			productName = SnapKit;
		};
		2AC408732A112B61009F0D56 /* Then */ = {
			isa = XCSwiftPackageProductDependency;
			package = 2AC408722A112B61009F0D56 /* XCRemoteSwiftPackageReference "Then" */;
			productName = Then;
		};
		2AC408762A112B6C009F0D56 /* Alamofire */ = {
			isa = XCSwiftPackageProductDependency;
			package = 2AC408752A112B6C009F0D56 /* XCRemoteSwiftPackageReference "Alamofire" */;
			productName = Alamofire;
		};
/* End XCSwiftPackageProductDependency section */
	};
	rootObject = 2AC408342A0F6686009F0D56 /* Project object */;
}
